<?xml version="1.0" encoding="utf-8"?>
<Project ToolsVersion="4.0" xmlns="http://schemas.microsoft.com/developer/msbuild/2003">
  <ItemGroup>
    <Filter Include="Source Files">
      <UniqueIdentifier>{4FC737F1-C7A5-4376-A066-2A32D752A2FF}</UniqueIdentifier>
      <Extensions>cpp;c;cc;cxx;def;odl;idl;hpj;bat;asm;asmx</Extensions>
    </Filter>
    <Filter Include="Header Files">
      <UniqueIdentifier>{93995380-89BD-4b04-88EB-625FBE52EBFB}</UniqueIdentifier>
      <Extensions>h;hh;hpp;hxx;hm;inl;inc;xsd</Extensions>
    </Filter>
    <Filter Include="Resource Files">
      <UniqueIdentifier>{67DA6AB6-F800-4c08-8B7A-83BB121AAD01}</UniqueIdentifier>
      <Extensions>rc;ico;cur;bmp;dlg;rc2;rct;bin;rgs;gif;jpg;jpeg;jpe;resx;tiff;tif;png;wav;mfcribbon-ms</Extensions>
    </Filter>
    <Filter Include="Source Files\lua">
      <UniqueIdentifier>{dd8c1da4-dba6-4a6c-bf82-032c59a5d75d}</UniqueIdentifier>
    </Filter>
    <Filter Include="Source Files\lfs">
      <UniqueIdentifier>{0d441c4d-4c7b-410e-ab5f-bc25ff57ce06}</UniqueIdentifier>
    </Filter>
    <Filter Include="Source Files\lsqlite">
      <UniqueIdentifier>{a04ff740-8bd4-4aa0-bc1f-0b8368b7016c}</UniqueIdentifier>
    </Filter>
    <Filter Include="Source Files\crypto">
      <UniqueIdentifier>{7124d043-3a9d-4058-a6e1-797394cf147e}</UniqueIdentifier>
    </Filter>
    <Filter Include="Source Files\windows">
      <UniqueIdentifier>{907a7aa2-82e8-42f4-b170-767f769ad57e}</UniqueIdentifier>
    </Filter>
  </ItemGroup>
  <ItemGroup>
    <ClCompile Include="..\..\src\lua-5.4.2\src\lapi.c">
      <Filter>Source Files\lua</Filter>
    </ClCompile>
    <ClCompile Include="..\..\src\lua-5.4.2\src\lauxlib.c">
      <Filter>Source Files\lua</Filter>
    </ClCompile>
    <ClCompile Include="..\..\src\lua-5.4.2\src\lbaselib.c">
      <Filter>Source Files\lua</Filter>
    </ClCompile>
    <ClCompile Include="..\..\src\lua-5.4.2\src\lcode.c">
      <Filter>Source Files\lua</Filter>
    </ClCompile>
    <ClCompile Include="..\..\src\lua-5.4.2\src\lcorolib.c">
      <Filter>Source Files\lua</Filter>
    </ClCompile>
    <ClCompile Include="..\..\src\lua-5.4.2\src\lctype.c">
      <Filter>Source Files\lua</Filter>
    </ClCompile>
    <ClCompile Include="..\..\src\lua-5.4.2\src\ldblib.c">
      <Filter>Source Files\lua</Filter>
    </ClCompile>
    <ClCompile Include="..\..\src\lua-5.4.2\src\ldebug.c">
      <Filter>Source Files\lua</Filter>
    </ClCompile>
    <ClCompile Include="..\..\src\lua-5.4.2\src\ldo.c">
      <Filter>Source Files\lua</Filter>
    </ClCompile>
    <ClCompile Include="..\..\src\lua-5.4.2\src\ldump.c">
      <Filter>Source Files\lua</Filter>
    </ClCompile>
    <ClCompile Include="..\..\src\lua-5.4.2\src\lfunc.c">
      <Filter>Source Files\lua</Filter>
    </ClCompile>
    <ClCompile Include="..\..\src\lua-5.4.2\src\lgc.c">
      <Filter>Source Files\lua</Filter>
    </ClCompile>
    <ClCompile Include="..\..\src\lua-5.4.2\src\linit.c">
      <Filter>Source Files\lua</Filter>
    </ClCompile>
    <ClCompile Include="..\..\src\lua-5.4.2\src\liolib.c">
      <Filter>Source Files\lua</Filter>
    </ClCompile>
    <ClCompile Include="..\..\src\lua-5.4.2\src\llex.c">
      <Filter>Source Files\lua</Filter>
    </ClCompile>
    <ClCompile Include="..\..\src\lua-5.4.2\src\lmathlib.c">
      <Filter>Source Files\lua</Filter>
    </ClCompile>
    <ClCompile Include="..\..\src\lua-5.4.2\src\lmem.c">
      <Filter>Source Files\lua</Filter>
    </ClCompile>
    <ClCompile Include="..\..\src\lua-5.4.2\src\loadlib.c">
      <Filter>Source Files\lua</Filter>
    </ClCompile>
    <ClCompile Include="..\..\src\lua-5.4.2\src\lobject.c">
      <Filter>Source Files\lua</Filter>
    </ClCompile>
    <ClCompile Include="..\..\src\lua-5.4.2\src\lopcodes.c">
      <Filter>Source Files\lua</Filter>
    </ClCompile>
    <ClCompile Include="..\..\src\lua-5.4.2\src\loslib.c">
      <Filter>Source Files\lua</Filter>
    </ClCompile>
    <ClCompile Include="..\..\src\lua-5.4.2\src\lparser.c">
      <Filter>Source Files\lua</Filter>
    </ClCompile>
    <ClCompile Include="..\..\src\lua-5.4.2\src\lstate.c">
      <Filter>Source Files\lua</Filter>
    </ClCompile>
    <ClCompile Include="..\..\src\lua-5.4.2\src\lstring.c">
      <Filter>Source Files\lua</Filter>
    </ClCompile>
    <ClCompile Include="..\..\src\lua-5.4.2\src\lstrlib.c">
      <Filter>Source Files\lua</Filter>
    </ClCompile>
    <ClCompile Include="..\..\src\lua-5.4.2\src\ltable.c">
      <Filter>Source Files\lua</Filter>
    </ClCompile>
    <ClCompile Include="..\..\src\lua-5.4.2\src\ltablib.c">
      <Filter>Source Files\lua</Filter>
    </ClCompile>
    <ClCompile Include="..\..\src\lua-5.4.2\src\ltm.c">
      <Filter>Source Files\lua</Filter>
    </ClCompile>
    <ClCompile Include="..\..\src\lua-5.4.2\src\lundump.c">
      <Filter>Source Files\lua</Filter>
    </ClCompile>
    <ClCompile Include="..\..\src\lua-5.4.2\src\lutf8lib.c">
      <Filter>Source Files\lua</Filter>
    </ClCompile>
    <ClCompile Include="..\..\src\lua-5.4.2\src\lvm.c">
      <Filter>Source Files\lua</Filter>
    </ClCompile>
    <ClCompile Include="..\..\src\lua-5.4.2\src\lzio.c">
      <Filter>Source Files\lua</Filter>
    </ClCompile>
    <ClCompile Include="..\..\src\lfs\lfs.c">
      <Filter>Source Files\lfs</Filter>
    </ClCompile>
    <ClCompile Include="..\..\src\lsqlite\lsqlite3.c">
      <Filter>Source Files\lsqlite</Filter>
    </ClCompile>
    <ClCompile Include="..\..\src\lsqlite\sqlite3.c">
      <Filter>Source Files\lsqlite</Filter>
    </ClCompile>
    <ClCompile Include="..\..\src\lua.c">
      <Filter>Source Files</Filter>
    </ClCompile>
    <ClCompile Include="..\..\src\lp4w_openlibs.c">
      <Filter>Source Files</Filter>
    </ClCompile>
    <ClCompile Include="..\..\src\crypto-algorithms\aes.c">
      <Filter>Source Files\crypto</Filter>
    </ClCompile>
    <ClCompile Include="..\..\src\crypto-algorithms\arcfour.c">
      <Filter>Source Files\crypto</Filter>
    </ClCompile>
    <ClCompile Include="..\..\src\crypto-algorithms\base64.c">
      <Filter>Source Files\crypto</Filter>
    </ClCompile>
    <ClCompile Include="..\..\src\crypto-algorithms\blowfish.c">
      <Filter>Source Files\crypto</Filter>
    </ClCompile>
    <ClCompile Include="..\..\src\crypto-algorithms\des.c">
      <Filter>Source Files\crypto</Filter>
    </ClCompile>
    <ClCompile Include="..\..\src\crypto-algorithms\md2.c">
      <Filter>Source Files\crypto</Filter>
    </ClCompile>
    <ClCompile Include="..\..\src\crypto-algorithms\md5.c">
      <Filter>Source Files\crypto</Filter>
    </ClCompile>
    <ClCompile Include="..\..\src\crypto-algorithms\rot-13.c">
      <Filter>Source Files\crypto</Filter>
    </ClCompile>
    <ClCompile Include="..\..\src\crypto-algorithms\sha1.c">
      <Filter>Source Files\crypto</Filter>
    </ClCompile>
    <ClCompile Include="..\..\src\crypto-algorithms\sha256.c">
      <Filter>Source Files\crypto</Filter>
    </ClCompile>
    <ClCompile Include="..\..\src\crypto-algorithms\lcrypto.c">
      <Filter>Source Files\crypto</Filter>
    </ClCompile>
    <ClCompile Include="..\..\src\windows\lwindows.c">
      <Filter>Source Files\windows</Filter>
    </ClCompile>
    <ClCompile Include="..\..\src\windows\lconsole.c">
      <Filter>Source Files\windows</Filter>
    </ClCompile>
  </ItemGroup>
  <ItemGroup>
    <ClInclude Include="..\..\src\lua-5.4.2\src\lapi.h">
      <Filter>Source Files\lua</Filter>
    </ClInclude>
    <ClInclude Include="..\..\src\lua-5.4.2\src\lauxlib.h">
      <Filter>Source Files\lua</Filter>
    </ClInclude>
    <ClInclude Include="..\..\src\lua-5.4.2\src\lcode.h">
      <Filter>Source Files\lua</Filter>
    </ClInclude>
    <ClInclude Include="..\..\src\lua-5.4.2\src\lctype.h">
      <Filter>Source Files\lua</Filter>
    </ClInclude>
    <ClInclude Include="..\..\src\lua-5.4.2\src\ldebug.h">
      <Filter>Source Files\lua</Filter>
    </ClInclude>
    <ClInclude Include="..\..\src\lua-5.4.2\src\ldo.h">
      <Filter>Source Files\lua</Filter>
    </ClInclude>
    <ClInclude Include="..\..\src\lua-5.4.2\src\lfunc.h">
      <Filter>Source Files\lua</Filter>
    </ClInclude>
    <ClInclude Include="..\..\src\lua-5.4.2\src\lgc.h">
      <Filter>Source Files\lua</Filter>
    </ClInclude>
    <ClInclude Include="..\..\src\lua-5.4.2\src\ljumptab.h">
      <Filter>Source Files\lua</Filter>
    </ClInclude>
    <ClInclude Include="..\..\src\lua-5.4.2\src\llex.h">
      <Filter>Source Files\lua</Filter>
    </ClInclude>
    <ClInclude Include="..\..\src\lua-5.4.2\src\llimits.h">
      <Filter>Source Files\lua</Filter>
    </ClInclude>
    <ClInclude Include="..\..\src\lua-5.4.2\src\lmem.h">
      <Filter>Source Files\lua</Filter>
    </ClInclude>
    <ClInclude Include="..\..\src\lua-5.4.2\src\lobject.h">
      <Filter>Source Files\lua</Filter>
    </ClInclude>
    <ClInclude Include="..\..\src\lua-5.4.2\src\lopcodes.h">
      <Filter>Source Files\lua</Filter>
    </ClInclude>
    <ClInclude Include="..\..\src\lua-5.4.2\src\lopnames.h">
      <Filter>Source Files\lua</Filter>
    </ClInclude>
    <ClInclude Include="..\..\src\lua-5.4.2\src\lparser.h">
      <Filter>Source Files\lua</Filter>
    </ClInclude>
    <ClInclude Include="..\..\src\lua-5.4.2\src\lprefix.h">
      <Filter>Source Files\lua</Filter>
    </ClInclude>
    <ClInclude Include="..\..\src\lua-5.4.2\src\lstate.h">
      <Filter>Source Files\lua</Filter>
    </ClInclude>
    <ClInclude Include="..\..\src\lua-5.4.2\src\lstring.h">
      <Filter>Source Files\lua</Filter>
    </ClInclude>
    <ClInclude Include="..\..\src\lua-5.4.2\src\ltable.h">
      <Filter>Source Files\lua</Filter>
    </ClInclude>
    <ClInclude Include="..\..\src\lua-5.4.2\src\ltm.h">
      <Filter>Source Files\lua</Filter>
    </ClInclude>
    <ClInclude Include="..\..\src\lua-5.4.2\src\lua.h">
      <Filter>Source Files\lua</Filter>
    </ClInclude>
    <ClInclude Include="..\..\src\lua-5.4.2\src\luaconf.h">
      <Filter>Source Files\lua</Filter>
    </ClInclude>
    <ClInclude Include="..\..\src\lua-5.4.2\src\lualib.h">
      <Filter>Source Files\lua</Filter>
    </ClInclude>
    <ClInclude Include="..\..\src\lua-5.4.2\src\lundump.h">
      <Filter>Source Files\lua</Filter>
    </ClInclude>
    <ClInclude Include="..\..\src\lua-5.4.2\src\lvm.h">
      <Filter>Source Files\lua</Filter>
    </ClInclude>
    <ClInclude Include="..\..\src\lua-5.4.2\src\lzio.h">
      <Filter>Source Files\lua</Filter>
    </ClInclude>
    <ClInclude Include="..\..\src\lfs\lfs.h">
      <Filter>Source Files\lfs</Filter>
    </ClInclude>
    <ClInclude Include="..\..\src\lsqlite\sqlite3.h">
      <Filter>Source Files\lsqlite</Filter>
    </ClInclude>
    <ClInclude Include="..\..\src\lua_all.h">
      <Filter>Source Files</Filter>
    </ClInclude>
    <ClInclude Include="..\..\src\crypto-algorithms\aes.h">
      <Filter>Source Files\crypto</Filter>
    </ClInclude>
    <ClInclude Include="..\..\src\crypto-algorithms\arcfour.h">
      <Filter>Source Files\crypto</Filter>
    </ClInclude>
    <ClInclude Include="..\..\src\crypto-algorithms\base64.h">
      <Filter>Source Files\crypto</Filter>
    </ClInclude>
    <ClInclude Include="..\..\src\crypto-algorithms\blowfish.h">
      <Filter>Source Files\crypto</Filter>
    </ClInclude>
    <ClInclude Include="..\..\src\crypto-algorithms\des.h">
      <Filter>Source Files\crypto</Filter>
    </ClInclude>
    <ClInclude Include="..\..\src\crypto-algorithms\md2.h">
      <Filter>Source Files\crypto</Filter>
    </ClInclude>
    <ClInclude Include="..\..\src\crypto-algorithms\md5.h">
      <Filter>Source Files\crypto</Filter>
    </ClInclude>
    <ClInclude Include="..\..\src\crypto-algorithms\rot-13.h">
      <Filter>Source Files\crypto</Filter>
    </ClInclude>
    <ClInclude Include="..\..\src\crypto-algorithms\sha1.h">
      <Filter>Source Files\crypto</Filter>
    </ClInclude>
    <ClInclude Include="..\..\src\crypto-algorithms\sha256.h">
      <Filter>Source Files\crypto</Filter>
    </ClInclude>
  </ItemGroup>
  <ItemGroup>
    <None Include="..\..\src\crypto-algorithms\README.md">
      <Filter>Source Files\crypto</Filter>
    </None>
  </ItemGroup>
</Project>